
Microsoft Visual Studio Solution File, Format Version 12.00
# Visual Studio Version 17
VisualStudioVersion = 17.0.31903.59
MinimumVisualStudioVersion = 10.0.40219.1
Project("{FAE04EC0-301F-11D3-BF4B-00C04F79EFBC}") = "CelsiusConvModelNetStd2", "CelsiusConvModelNetStd2\CelsiusConvModelNetStd2.csproj", "{BFAD4CE7-F4E9-4A81-99BC-CA8C94B2C459}"
EndProject
Project("{FAE04EC0-301F-11D3-BF4B-00C04F79EFBC}") = "CelsiusConvNet80", "CelsiusConvNet80\CelsiusConvNet80.csproj", "{CE981D0C-AF73-4844-A917-514778A6B31C}"
EndProject
Project("{FAE04EC0-301F-11D3-BF4B-00C04F79EFBC}") = "CelsiusConvWinformsNet80", "CelsiusConvWinformsNet80\CelsiusConvWinformsNet80.csproj", "{2979F570-ECC5-4DEB-ACEB-28CCB2DBEDA5}"
EndProject
Global
	GlobalSection(SolutionConfigurationPlatforms) = preSolution
		Debug|Any CPU = Debug|Any CPU
		Debug|x64 = Debug|x64
		Debug|x86 = Debug|x86
		Release|Any CPU = Release|Any CPU
		Release|x64 = Release|x64
		Release|x86 = Release|x86
	EndGlobalSection
	GlobalSection(ProjectConfigurationPlatforms) = postSolution
		{BFAD4CE7-F4E9-4A81-99BC-CA8C94B2C459}.Debug|Any CPU.ActiveCfg = Debug|Any CPU
		{BFAD4CE7-F4E9-4A81-99BC-CA8C94B2C459}.Debug|Any CPU.Build.0 = Debug|Any CPU
		{BFAD4CE7-F4E9-4A81-99BC-CA8C94B2C459}.Debug|x64.ActiveCfg = Debug|Any CPU
		{BFAD4CE7-F4E9-4A81-99BC-CA8C94B2C459}.Debug|x64.Build.0 = Debug|Any CPU
		{BFAD4CE7-F4E9-4A81-99BC-CA8C94B2C459}.Debug|x86.ActiveCfg = Debug|Any CPU
		{BFAD4CE7-F4E9-4A81-99BC-CA8C94B2C459}.Debug|x86.Build.0 = Debug|Any CPU
		{BFAD4CE7-F4E9-4A81-99BC-CA8C94B2C459}.Release|Any CPU.ActiveCfg = Release|Any CPU
		{BFAD4CE7-F4E9-4A81-99BC-CA8C94B2C459}.Release|Any CPU.Build.0 = Release|Any CPU
		{BFAD4CE7-F4E9-4A81-99BC-CA8C94B2C459}.Release|x64.ActiveCfg = Release|Any CPU
		{BFAD4CE7-F4E9-4A81-99BC-CA8C94B2C459}.Release|x64.Build.0 = Release|Any CPU
		{BFAD4CE7-F4E9-4A81-99BC-CA8C94B2C459}.Release|x86.ActiveCfg = Release|Any CPU
		{BFAD4CE7-F4E9-4A81-99BC-CA8C94B2C459}.Release|x86.Build.0 = Release|Any CPU
		{CE981D0C-AF73-4844-A917-514778A6B31C}.Debug|Any CPU.ActiveCfg = Debug|Any CPU
		{CE981D0C-AF73-4844-A917-514778A6B31C}.Debug|Any CPU.Build.0 = Debug|Any CPU
		{CE981D0C-AF73-4844-A917-514778A6B31C}.Debug|x64.ActiveCfg = Debug|Any CPU
		{CE981D0C-AF73-4844-A917-514778A6B31C}.Debug|x64.Build.0 = Debug|Any CPU
		{CE981D0C-AF73-4844-A917-514778A6B31C}.Debug|x86.ActiveCfg = Debug|Any CPU
		{CE981D0C-AF73-4844-A917-514778A6B31C}.Debug|x86.Build.0 = Debug|Any CPU
		{CE981D0C-AF73-4844-A917-514778A6B31C}.Release|Any CPU.ActiveCfg = Release|Any CPU
		{CE981D0C-AF73-4844-A917-514778A6B31C}.Release|Any CPU.Build.0 = Release|Any CPU
		{CE981D0C-AF73-4844-A917-514778A6B31C}.Release|x64.ActiveCfg = Release|Any CPU
		{CE981D0C-AF73-4844-A917-514778A6B31C}.Release|x64.Build.0 = Release|Any CPU
		{CE981D0C-AF73-4844-A917-514778A6B31C}.Release|x86.ActiveCfg = Release|Any CPU
		{CE981D0C-AF73-4844-A917-514778A6B31C}.Release|x86.Build.0 = Release|Any CPU
		{2979F570-ECC5-4DEB-ACEB-28CCB2DBEDA5}.Debug|Any CPU.ActiveCfg = Debug|Any CPU
		{2979F570-ECC5-4DEB-ACEB-28CCB2DBEDA5}.Debug|Any CPU.Build.0 = Debug|Any CPU
		{2979F570-ECC5-4DEB-ACEB-28CCB2DBEDA5}.Debug|x64.ActiveCfg = Debug|Any CPU
		{2979F570-ECC5-4DEB-ACEB-28CCB2DBEDA5}.Debug|x64.Build.0 = Debug|Any CPU
		{2979F570-ECC5-4DEB-ACEB-28CCB2DBEDA5}.Debug|x86.ActiveCfg = Debug|Any CPU
		{2979F570-ECC5-4DEB-ACEB-28CCB2DBEDA5}.Debug|x86.Build.0 = Debug|Any CPU
		{2979F570-ECC5-4DEB-ACEB-28CCB2DBEDA5}.Release|Any CPU.ActiveCfg = Release|Any CPU
		{2979F570-ECC5-4DEB-ACEB-28CCB2DBEDA5}.Release|Any CPU.Build.0 = Release|Any CPU
		{2979F570-ECC5-4DEB-ACEB-28CCB2DBEDA5}.Release|x64.ActiveCfg = Release|Any CPU
		{2979F570-ECC5-4DEB-ACEB-28CCB2DBEDA5}.Release|x64.Build.0 = Release|Any CPU
		{2979F570-ECC5-4DEB-ACEB-28CCB2DBEDA5}.Release|x86.ActiveCfg = Release|Any CPU
		{2979F570-ECC5-4DEB-ACEB-28CCB2DBEDA5}.Release|x86.Build.0 = Release|Any CPU
	EndGlobalSection
	GlobalSection(SolutionProperties) = preSolution
		HideSolutionNode = FALSE
	EndGlobalSection
EndGlobal
