Microsoft Visual Studio Solution File, Format Version 12.00
# Visual Studio Version 17
VisualStudioVersion = 17.5.2.0
MinimumVisualStudioVersion = 10.0.40219.1
Project("{FAE04EC0-301F-11D3-BF4B-00C04F79EFBC}") = "mvvmApp01", "mvvmApp01.csproj", "{C966B31C-FE88-9986-533C-828FC66EDFAD}"
EndProject
Global
	GlobalSection(SolutionConfigurationPlatforms) = preSolution
		Debug|Any CPU = Debug|Any CPU
		Release|Any CPU = Release|Any CPU
	EndGlobalSection
	GlobalSection(ProjectConfigurationPlatforms) = postSolution
		{C966B31C-FE88-9986-533C-828FC66EDFAD}.Debug|Any CPU.ActiveCfg = Debug|Any CPU
		{C966B31C-FE88-9986-533C-828FC66EDFAD}.Debug|Any CPU.Build.0 = Debug|Any CPU
		{C966B31C-FE88-9986-533C-828FC66EDFAD}.Release|Any CPU.ActiveCfg = Release|Any CPU
		{C966B31C-FE88-9986-533C-828FC66EDFAD}.Release|Any CPU.Build.0 = Release|Any CPU
	EndGlobalSection
	GlobalSection(SolutionProperties) = preSolution
		HideSolutionNode = FALSE
	EndGlobalSection
	GlobalSection(ExtensibilityGlobals) = postSolution
		SolutionGuid = {1D18D653-8C2D-4E07-A65E-0EA3081D4D9F}
	EndGlobalSection
EndGlobal
