
Microsoft Visual Studio Solution File, Format Version 12.00
# Visual Studio Version 17
VisualStudioVersion = 17.0.31903.59
MinimumVisualStudioVersion = 10.0.40219.1
Project("{2150E333-8FDC-42A3-9474-1A3956D46DE8}") = "GettingStartedGuides", "GettingStartedGuides", "{EB90BA18-3E81-56C6-8382-A502ABB7AFAB}"
EndProject
Project("{FAE04EC0-301F-11D3-BF4B-00C04F79EFBC}") = "WinFormsNet6", "GettingStartedGuides\WinFormsNet6\WinFormsNet6.csproj", "{15DD3E88-83DC-4F9B-976F-44D77D6F6F84}"
EndProject
Project("{FAE04EC0-301F-11D3-BF4B-00C04F79EFBC}") = "WpfNet6", "GettingStartedGuides\WpfNet6\WpfNet6.csproj", "{14B4B6A4-ECE4-4DFA-933D-8D7B7D81001B}"
EndProject
Global
	GlobalSection(SolutionConfigurationPlatforms) = preSolution
		Debug|Any CPU = Debug|Any CPU
		Release|Any CPU = Release|Any CPU
	EndGlobalSection
	GlobalSection(SolutionProperties) = preSolution
		HideSolutionNode = FALSE
	EndGlobalSection
	GlobalSection(ProjectConfigurationPlatforms) = postSolution
		{15DD3E88-83DC-4F9B-976F-44D77D6F6F84}.Debug|Any CPU.ActiveCfg = Debug|Any CPU
		{15DD3E88-83DC-4F9B-976F-44D77D6F6F84}.Debug|Any CPU.Build.0 = Debug|Any CPU
		{15DD3E88-83DC-4F9B-976F-44D77D6F6F84}.Release|Any CPU.ActiveCfg = Release|Any CPU
		{15DD3E88-83DC-4F9B-976F-44D77D6F6F84}.Release|Any CPU.Build.0 = Release|Any CPU
		{14B4B6A4-ECE4-4DFA-933D-8D7B7D81001B}.Debug|Any CPU.ActiveCfg = Debug|Any CPU
		{14B4B6A4-ECE4-4DFA-933D-8D7B7D81001B}.Debug|Any CPU.Build.0 = Debug|Any CPU
		{14B4B6A4-ECE4-4DFA-933D-8D7B7D81001B}.Release|Any CPU.ActiveCfg = Release|Any CPU
		{14B4B6A4-ECE4-4DFA-933D-8D7B7D81001B}.Release|Any CPU.Build.0 = Release|Any CPU
	EndGlobalSection
	GlobalSection(NestedProjects) = preSolution
		{15DD3E88-83DC-4F9B-976F-44D77D6F6F84} = {EB90BA18-3E81-56C6-8382-A502ABB7AFAB}
		{14B4B6A4-ECE4-4DFA-933D-8D7B7D81001B} = {EB90BA18-3E81-56C6-8382-A502ABB7AFAB}
	EndGlobalSection
EndGlobal
